
Microsoft Visual Studio Solution File, Format Version 12.00
# Visual Studio Version 17
VisualStudioVersion = 17.10.35122.118
MinimumVisualStudioVersion = 10.0.40219.1
Project("{2150E333-8FDC-42A3-9474-1A3956D46DE8}") = "Core", "Core", "{AE3CA098-465D-4323-B26B-1487EEC469A7}"
EndProject
Project("{2150E333-8FDC-42A3-9474-1A3956D46DE8}") = "1.1 - Presentation", "1.1 - Presentation", "{70E6886E-4C93-4D63-8BC9-99EB3A5C5761}"
EndProject
Project("{2150E333-8FDC-42A3-9474-1A3956D46DE8}") = "1.2 - Application", "1.2 - Application", "{5CD8E481-49F7-46A3-9439-C6DEDD2D6F0D}"
EndProject
Project("{2150E333-8FDC-42A3-9474-1A3956D46DE8}") = "1.3 - Domain", "1.3 - Domain", "{FDD2E47F-A45E-448A-BBF7-9EC54D951693}"
EndProject
Project("{2150E333-8FDC-42A3-9474-1A3956D46DE8}") = "1.4 - Infrastructure", "1.4 - Infrastructure", "{D9A34530-7C8D-47BA-9726-331ECA3838AE}"
EndProject
Project("{2150E333-8FDC-42A3-9474-1A3956D46DE8}") = "1.4.1 - Data", "1.4.1 - Data", "{81D01CB8-CF5B-40E2-9E64-C4C45FFECF5A}"
EndProject
Project("{2150E333-8FDC-42A3-9474-1A3956D46DE8}") = "1.4.2 - CrossCutting", "1.4.2 - CrossCutting", "{462DCF54-9645-499B-8667-550F5C6DEDDC}"
EndProject
Project("{2150E333-8FDC-42A3-9474-1A3956D46DE8}") = "1.5 - Database", "1.5 - Database", "{EB357E48-EA1C-4EFD-A91F-ED04C2996B7D}"
EndProject
Project("{00D1A9C2-B5F0-4AF3-8072-F6C62B433612}") = "CestasDeMaria.Database", "CestasDeMaria.Database\CestasDeMaria.Database.sqlproj", "{A93B450E-C5F7-4462-A0BE-C6B19DE96F09}"
EndProject
Project("{9A19103F-16F7-4668-BE54-9A1E7A4F7556}") = "CestasDeMaria.Infrastructure.CrossCutting.IoC", "CestasDeMaria.Infrastructure.CrossCutting.IoC\CestasDeMaria.Infrastructure.CrossCutting.IoC.csproj", "{BF5FC75F-8E88-442C-A070-1E0E74F9688D}"
EndProject
Project("{9A19103F-16F7-4668-BE54-9A1E7A4F7556}") = "CestasDeMaria.Infrastructure.CrossCutting", "CestasDeMaria.Infrastructure.CrossCutting\CestasDeMaria.Infrastructure.CrossCutting.csproj", "{0FF9E218-7174-4D98-B305-24D86F868166}"
EndProject
Project("{9A19103F-16F7-4668-BE54-9A1E7A4F7556}") = "CestasDeMaria.Infrastructure.Data", "CestasDeMaria.Infrastructure.Data\CestasDeMaria.Infrastructure.Data.csproj", "{5F1151C0-23B5-44EB-9E92-82BE5F607A80}"
EndProject
Project("{9A19103F-16F7-4668-BE54-9A1E7A4F7556}") = "CestasDeMaria.Domain", "CestasDeMaria.Domain\CestasDeMaria.Domain.csproj", "{4001DE96-9215-474C-8597-CBF6E76EAFFF}"
EndProject
Project("{9A19103F-16F7-4668-BE54-9A1E7A4F7556}") = "CestasDeMaria.Application", "CestasDeMaria.Application\CestasDeMaria.Application.csproj", "{D7EE3CE0-43D4-4A41-9A54-522B8D55681F}"
EndProject
Project("{9A19103F-16F7-4668-BE54-9A1E7A4F7556}") = "CestasDeMaria.Presentation.Model", "CestasDeMaria.Presentation.Model\CestasDeMaria.Presentation.Model.csproj", "{E1F455AE-C95A-4888-BB3C-8279B6B937B3}"
EndProject
Project("{9A19103F-16F7-4668-BE54-9A1E7A4F7556}") = "CestasDeMaria.Presentation.Api", "CestasDeMaria.Presentation.Api\CestasDeMaria.Presentation.Api.csproj", "{F3630F08-DA99-495B-B0ED-180A51571181}"
EndProject
Global
	GlobalSection(SolutionConfigurationPlatforms) = preSolution
		Debug|Any CPU = Debug|Any CPU
		Release|Any CPU = Release|Any CPU
	EndGlobalSection
	GlobalSection(ProjectConfigurationPlatforms) = postSolution
		{A93B450E-C5F7-4462-A0BE-C6B19DE96F09}.Debug|Any CPU.ActiveCfg = Debug|Any CPU
		{A93B450E-C5F7-4462-A0BE-C6B19DE96F09}.Debug|Any CPU.Deploy.0 = Debug|Any CPU
		{A93B450E-C5F7-4462-A0BE-C6B19DE96F09}.Release|Any CPU.ActiveCfg = Release|Any CPU
		{A93B450E-C5F7-4462-A0BE-C6B19DE96F09}.Release|Any CPU.Deploy.0 = Release|Any CPU
		{BF5FC75F-8E88-442C-A070-1E0E74F9688D}.Debug|Any CPU.ActiveCfg = Debug|Any CPU
		{BF5FC75F-8E88-442C-A070-1E0E74F9688D}.Debug|Any CPU.Build.0 = Debug|Any CPU
		{BF5FC75F-8E88-442C-A070-1E0E74F9688D}.Release|Any CPU.ActiveCfg = Release|Any CPU
		{BF5FC75F-8E88-442C-A070-1E0E74F9688D}.Release|Any CPU.Build.0 = Release|Any CPU
		{0FF9E218-7174-4D98-B305-24D86F868166}.Debug|Any CPU.ActiveCfg = Debug|Any CPU
		{0FF9E218-7174-4D98-B305-24D86F868166}.Debug|Any CPU.Build.0 = Debug|Any CPU
		{0FF9E218-7174-4D98-B305-24D86F868166}.Release|Any CPU.ActiveCfg = Release|Any CPU
		{0FF9E218-7174-4D98-B305-24D86F868166}.Release|Any CPU.Build.0 = Release|Any CPU
		{5F1151C0-23B5-44EB-9E92-82BE5F607A80}.Debug|Any CPU.ActiveCfg = Debug|Any CPU
		{5F1151C0-23B5-44EB-9E92-82BE5F607A80}.Debug|Any CPU.Build.0 = Debug|Any CPU
		{5F1151C0-23B5-44EB-9E92-82BE5F607A80}.Release|Any CPU.ActiveCfg = Release|Any CPU
		{5F1151C0-23B5-44EB-9E92-82BE5F607A80}.Release|Any CPU.Build.0 = Release|Any CPU
		{4001DE96-9215-474C-8597-CBF6E76EAFFF}.Debug|Any CPU.ActiveCfg = Debug|Any CPU
		{4001DE96-9215-474C-8597-CBF6E76EAFFF}.Debug|Any CPU.Build.0 = Debug|Any CPU
		{4001DE96-9215-474C-8597-CBF6E76EAFFF}.Release|Any CPU.ActiveCfg = Release|Any CPU
		{4001DE96-9215-474C-8597-CBF6E76EAFFF}.Release|Any CPU.Build.0 = Release|Any CPU
		{D7EE3CE0-43D4-4A41-9A54-522B8D55681F}.Debug|Any CPU.ActiveCfg = Debug|Any CPU
		{D7EE3CE0-43D4-4A41-9A54-522B8D55681F}.Debug|Any CPU.Build.0 = Debug|Any CPU
		{D7EE3CE0-43D4-4A41-9A54-522B8D55681F}.Release|Any CPU.ActiveCfg = Release|Any CPU
		{D7EE3CE0-43D4-4A41-9A54-522B8D55681F}.Release|Any CPU.Build.0 = Release|Any CPU
		{E1F455AE-C95A-4888-BB3C-8279B6B937B3}.Debug|Any CPU.ActiveCfg = Debug|Any CPU
		{E1F455AE-C95A-4888-BB3C-8279B6B937B3}.Debug|Any CPU.Build.0 = Debug|Any CPU
		{E1F455AE-C95A-4888-BB3C-8279B6B937B3}.Release|Any CPU.ActiveCfg = Release|Any CPU
		{E1F455AE-C95A-4888-BB3C-8279B6B937B3}.Release|Any CPU.Build.0 = Release|Any CPU
		{F3630F08-DA99-495B-B0ED-180A51571181}.Debug|Any CPU.ActiveCfg = Debug|Any CPU
		{F3630F08-DA99-495B-B0ED-180A51571181}.Debug|Any CPU.Build.0 = Debug|Any CPU
		{F3630F08-DA99-495B-B0ED-180A51571181}.Release|Any CPU.ActiveCfg = Release|Any CPU
		{F3630F08-DA99-495B-B0ED-180A51571181}.Release|Any CPU.Build.0 = Release|Any CPU
	EndGlobalSection
	GlobalSection(SolutionProperties) = preSolution
		HideSolutionNode = FALSE
	EndGlobalSection
	GlobalSection(NestedProjects) = preSolution
		{70E6886E-4C93-4D63-8BC9-99EB3A5C5761} = {AE3CA098-465D-4323-B26B-1487EEC469A7}
		{5CD8E481-49F7-46A3-9439-C6DEDD2D6F0D} = {AE3CA098-465D-4323-B26B-1487EEC469A7}
		{FDD2E47F-A45E-448A-BBF7-9EC54D951693} = {AE3CA098-465D-4323-B26B-1487EEC469A7}
		{D9A34530-7C8D-47BA-9726-331ECA3838AE} = {AE3CA098-465D-4323-B26B-1487EEC469A7}
		{81D01CB8-CF5B-40E2-9E64-C4C45FFECF5A} = {D9A34530-7C8D-47BA-9726-331ECA3838AE}
		{462DCF54-9645-499B-8667-550F5C6DEDDC} = {D9A34530-7C8D-47BA-9726-331ECA3838AE}
		{EB357E48-EA1C-4EFD-A91F-ED04C2996B7D} = {AE3CA098-465D-4323-B26B-1487EEC469A7}
		{A93B450E-C5F7-4462-A0BE-C6B19DE96F09} = {EB357E48-EA1C-4EFD-A91F-ED04C2996B7D}
		{BF5FC75F-8E88-442C-A070-1E0E74F9688D} = {462DCF54-9645-499B-8667-550F5C6DEDDC}
		{0FF9E218-7174-4D98-B305-24D86F868166} = {462DCF54-9645-499B-8667-550F5C6DEDDC}
		{5F1151C0-23B5-44EB-9E92-82BE5F607A80} = {81D01CB8-CF5B-40E2-9E64-C4C45FFECF5A}
		{4001DE96-9215-474C-8597-CBF6E76EAFFF} = {FDD2E47F-A45E-448A-BBF7-9EC54D951693}
		{D7EE3CE0-43D4-4A41-9A54-522B8D55681F} = {5CD8E481-49F7-46A3-9439-C6DEDD2D6F0D}
		{E1F455AE-C95A-4888-BB3C-8279B6B937B3} = {70E6886E-4C93-4D63-8BC9-99EB3A5C5761}
		{F3630F08-DA99-495B-B0ED-180A51571181} = {70E6886E-4C93-4D63-8BC9-99EB3A5C5761}
	EndGlobalSection
	GlobalSection(ExtensibilityGlobals) = postSolution
		SolutionGuid = {6CD2ACCE-3FCF-4EF5-BAC0-48508710437A}
	EndGlobalSection
EndGlobal
